{
  "name": "mcp-playwright",
  "version": "0.0.1",
  "lockfileVersion": 3,
  "requires": true,
  "packages": {
    "": {
      "name": "mcp-playwright",
      "version": "0.0.1",
      "license": "MIT",
      "dependencies": {
        "@playwright/mcp": "^0.0.41"
      }
    },
    "node_modules/@playwright/mcp": {
      "version": "0.0.41",
      "resolved": "https://registry.npmjs.org/@playwright/mcp/-/mcp-0.0.41.tgz",
      "integrity": "sha512-johVxuGGtT5DeFMLnNw5pq+oEjNCHNckNOkh8xipnReHoRPuUDp5jpalXcz2p6vKEA6E98q3+Hyt0RXo1gwoJg==",
      "license": "Apache-2.0",
      "dependencies": {
        "playwright": "1.56.0-alpha-2025-10-01",
        "playwright-core": "1.56.0-alpha-2025-10-01"
      },
      "bin": {
        "mcp-server-playwright": "cli.js"
      },
      "engines": {
        "node": ">=18"
      }
    },
    "node_modules/fsevents": {
      "version": "2.3.2",
      "resolved": "https://registry.npmjs.org/fsevents/-/fsevents-2.3.2.tgz",
      "integrity": "sha512-xiqMQR4xAeHTuB9uWm+fFRcIOgKBMiOBP+eXiyT7jsgVCq1bkVygt00oASowB7EdtpOHaaPgKt812P9ab+DDKA==",
      "hasInstallScript": true,
      "license": "MIT",
      "optional": true,
      "os": [
        "darwin"
      ],
      "engines": {
        "node": "^8.16.0 || ^10.6.0 || >=11.0.0"
      }
    },
    "node_modules/playwright": {
      "version": "1.56.0-alpha-2025-10-01",
      "resolved": "https://registry.npmjs.org/playwright/-/playwright-1.56.0-alpha-2025-10-01.tgz",
      "integrity": "sha512-fB26N0+NZyITpUIKBlJjA3CoFqBfNlhns/6urmK50nY6DgaHptCfKSJJLDhd37nsjQJ1ysV4n6WXSL8ifaEK6g==",
      "license": "Apache-2.0",
      "dependencies": {
        "playwright-core": "1.56.0-alpha-2025-10-01"
      },
      "bin": {
        "playwright": "cli.js"
      },
      "engines": {
        "node": ">=18"
      },
      "optionalDependencies": {
        "fsevents": "2.3.2"
      }
    },
    "node_modules/playwright-core": {
      "version": "1.56.0-alpha-2025-10-01",
      "resolved": "https://registry.npmjs.org/playwright-core/-/playwright-core-1.56.0-alpha-2025-10-01.tgz",
      "integrity": "sha512-/n6Wa2cksUAj+thJhZpR1PvnK0E3WHhNBMTxr1G6XgdhhvUdX7y4Y6aU9FaJPa5S0P8tcX3jyBXLCYIv/pYlJA==",
      "license": "Apache-2.0",
      "bin": {
        "playwright-core": "cli.js"
      },
      "engines": {
        "node": ">=18"
      }
    }
  }
}
